
Microsoft Visual Studio Solution File, Format Version 12.00
# Visual Studio Version 17
VisualStudioVersion = 17.7.34031.279
MinimumVisualStudioVersion = 10.0.40219.1
Project("{9A19103F-16F7-4668-BE54-9A1E7A4F7556}") = "AP.MyGameStore.WebAPI", "MyGameStore\AP.MyGameStore.WebAPI.csproj", "{0395B997-853B-4DF7-9565-B6BAEB011D83}"
EndProject
Project("{9A19103F-16F7-4668-BE54-9A1E7A4F7556}") = "AP.MyGameStore.DAL", "AP.MyGameStore.DAL\AP.MyGameStore.DAL.csproj", "{459AF595-E3AA-408C-9A6D-C1087DE09EC8}"
EndProject
Project("{9A19103F-16F7-4668-BE54-9A1E7A4F7556}") = "AP.MyGameStore.BLL", "AP.MyGameStore.BLL\AP.MyGameStore.BLL.csproj", "{C21B797C-FF28-490E-9344-21B5603A2193}"
EndProject
Project("{9A19103F-16F7-4668-BE54-9A1E7A4F7556}") = "AP.MyGameStore.UnitTests", "AP.MyGameStore.UnitTests\AP.MyGameStore.UnitTests.csproj", "{E307B142-BC07-4448-9925-2755CAF7080D}"
EndProject
Project("{FAE04EC0-301F-11D3-BF4B-00C04F79EFBC}") = "AP.MyGameStore.MVCApp", "AP.MyGameStore.MVCApp\AP.MyGameStore.MVCApp.csproj", "{7F24F3E8-FD16-46EA-8694-86395F5DBA67}"
EndProject
Global
	GlobalSection(SolutionConfigurationPlatforms) = preSolution
		Debug|Any CPU = Debug|Any CPU
		Release|Any CPU = Release|Any CPU
	EndGlobalSection
	GlobalSection(ProjectConfigurationPlatforms) = postSolution
		{0395B997-853B-4DF7-9565-B6BAEB011D83}.Debug|Any CPU.ActiveCfg = Debug|Any CPU
		{0395B997-853B-4DF7-9565-B6BAEB011D83}.Debug|Any CPU.Build.0 = Debug|Any CPU
		{0395B997-853B-4DF7-9565-B6BAEB011D83}.Release|Any CPU.ActiveCfg = Release|Any CPU
		{0395B997-853B-4DF7-9565-B6BAEB011D83}.Release|Any CPU.Build.0 = Release|Any CPU
		{459AF595-E3AA-408C-9A6D-C1087DE09EC8}.Debug|Any CPU.ActiveCfg = Debug|Any CPU
		{459AF595-E3AA-408C-9A6D-C1087DE09EC8}.Debug|Any CPU.Build.0 = Debug|Any CPU
		{459AF595-E3AA-408C-9A6D-C1087DE09EC8}.Release|Any CPU.ActiveCfg = Release|Any CPU
		{459AF595-E3AA-408C-9A6D-C1087DE09EC8}.Release|Any CPU.Build.0 = Release|Any CPU
		{C21B797C-FF28-490E-9344-21B5603A2193}.Debug|Any CPU.ActiveCfg = Debug|Any CPU
		{C21B797C-FF28-490E-9344-21B5603A2193}.Debug|Any CPU.Build.0 = Debug|Any CPU
		{C21B797C-FF28-490E-9344-21B5603A2193}.Release|Any CPU.ActiveCfg = Release|Any CPU
		{C21B797C-FF28-490E-9344-21B5603A2193}.Release|Any CPU.Build.0 = Release|Any CPU
		{E307B142-BC07-4448-9925-2755CAF7080D}.Debug|Any CPU.ActiveCfg = Debug|Any CPU
		{E307B142-BC07-4448-9925-2755CAF7080D}.Debug|Any CPU.Build.0 = Debug|Any CPU
		{E307B142-BC07-4448-9925-2755CAF7080D}.Release|Any CPU.ActiveCfg = Release|Any CPU
		{E307B142-BC07-4448-9925-2755CAF7080D}.Release|Any CPU.Build.0 = Release|Any CPU
		{7F24F3E8-FD16-46EA-8694-86395F5DBA67}.Debug|Any CPU.ActiveCfg = Debug|Any CPU
		{7F24F3E8-FD16-46EA-8694-86395F5DBA67}.Debug|Any CPU.Build.0 = Debug|Any CPU
		{7F24F3E8-FD16-46EA-8694-86395F5DBA67}.Release|Any CPU.ActiveCfg = Release|Any CPU
		{7F24F3E8-FD16-46EA-8694-86395F5DBA67}.Release|Any CPU.Build.0 = Release|Any CPU
	EndGlobalSection
	GlobalSection(SolutionProperties) = preSolution
		HideSolutionNode = FALSE
	EndGlobalSection
	GlobalSection(ExtensibilityGlobals) = postSolution
		SolutionGuid = {2DBCEBCE-8799-41B2-8DAC-E584AF689B9F}
	EndGlobalSection
EndGlobal
